// !$*UTF8*$!
{
	archiveVersion = 1;
	classes = {
	};
	objectVersion = 56;
	objects = {

/* Begin PBXBuildFile section */
		ABBF38532A373F69007D3327 /* WeatherLocationViewModel.swift in Sources */ = {isa = PBXBuildFile; fileRef = ABBF38522A373F69007D3327 /* WeatherLocationViewModel.swift */; };
		ABBF38552A374737007D3327 /* CurrentWeather.swift in Sources */ = {isa = PBXBuildFile; fileRef = ABBF38542A374737007D3327 /* CurrentWeather.swift */; };
		ABFA957B2A0BA39B003C56DB /* AppDelegate.swift in Sources */ = {isa = PBXBuildFile; fileRef = ABFA957A2A0BA39B003C56DB /* AppDelegate.swift */; };
		ABFA957D2A0BA39B003C56DB /* SceneDelegate.swift in Sources */ = {isa = PBXBuildFile; fileRef = ABFA957C2A0BA39B003C56DB /* SceneDelegate.swift */; };
		ABFA95822A0BA39B003C56DB /* Main.storyboard in Resources */ = {isa = PBXBuildFile; fileRef = ABFA95802A0BA39B003C56DB /* Main.storyboard */; };
		ABFA95842A0BA39D003C56DB /* Assets.xcassets in Resources */ = {isa = PBXBuildFile; fileRef = ABFA95832A0BA39D003C56DB /* Assets.xcassets */; };
		ABFA95872A0BA39D003C56DB /* LaunchScreen.storyboard in Resources */ = {isa = PBXBuildFile; fileRef = ABFA95852A0BA39D003C56DB /* LaunchScreen.storyboard */; };
		ABFA95932A0BA510003C56DB /* WeatheAPI.swift in Sources */ = {isa = PBXBuildFile; fileRef = ABFA95922A0BA510003C56DB /* WeatheAPI.swift */; };
		ABFA95952A0BA877003C56DB /* CityWeather.swift in Sources */ = {isa = PBXBuildFile; fileRef = ABFA95942A0BA877003C56DB /* CityWeather.swift */; };
		ABFA95972A0BC7F9003C56DB /* GradientMaker.swift in Sources */ = {isa = PBXBuildFile; fileRef = ABFA95962A0BC7F9003C56DB /* GradientMaker.swift */; };
		ABFA95992A0BE358003C56DB /* ImageManager.swift in Sources */ = {isa = PBXBuildFile; fileRef = ABFA95982A0BE358003C56DB /* ImageManager.swift */; };
		ABFA959B2A0BEBDE003C56DB /* DateManager.swift in Sources */ = {isa = PBXBuildFile; fileRef = ABFA959A2A0BEBDE003C56DB /* DateManager.swift */; };
		ABFA959E2A0C400B003C56DB /* String+DateTransformer.swift in Sources */ = {isa = PBXBuildFile; fileRef = ABFA959D2A0C400B003C56DB /* String+DateTransformer.swift */; };
		ABFA95A02A0CE927003C56DB /* ForecastWeather.swift in Sources */ = {isa = PBXBuildFile; fileRef = ABFA959F2A0CE926003C56DB /* ForecastWeather.swift */; };
		ABFA95A22A0CEFF4003C56DB /* ForecastTableViewCell.swift in Sources */ = {isa = PBXBuildFile; fileRef = ABFA95A12A0CEFF4003C56DB /* ForecastTableViewCell.swift */; };
		ABFA95A42A0D7679003C56DB /* WeatherViewModel.swift in Sources */ = {isa = PBXBuildFile; fileRef = ABFA95A32A0D7679003C56DB /* WeatherViewModel.swift */; };
		ABFA95A62A0D7DF3003C56DB /* String+AsURL.swift in Sources */ = {isa = PBXBuildFile; fileRef = ABFA95A52A0D7DF3003C56DB /* String+AsURL.swift */; };
		ABFA95A72A0D8D3E003C56DB /* ViewController.swift in Sources */ = {isa = PBXBuildFile; fileRef = ABFA957E2A0BA39B003C56DB /* ViewController.swift */; };
		ABFA95A92A0D8DC5003C56DB /* ForecastWeatherViewModel.swift in Sources */ = {isa = PBXBuildFile; fileRef = ABFA95A82A0D8DC5003C56DB /* ForecastWeatherViewModel.swift */; };
		ABFA95AB2A0E473F003C56DB /* GradientManager.swift in Sources */ = {isa = PBXBuildFile; fileRef = ABFA95AA2A0E473F003C56DB /* GradientManager.swift */; };
/* End PBXBuildFile section */

/* Begin PBXFileReference section */
		ABBF38522A373F69007D3327 /* WeatherLocationViewModel.swift */ = {isa = PBXFileReference; lastKnownFileType = sourcecode.swift; path = WeatherLocationViewModel.swift; sourceTree = "<group>"; };
		ABBF38542A374737007D3327 /* CurrentWeather.swift */ = {isa = PBXFileReference; lastKnownFileType = sourcecode.swift; path = CurrentWeather.swift; sourceTree = "<group>"; };
		ABFA95772A0BA39B003C56DB /* Weather.app */ = {isa = PBXFileReference; explicitFileType = wrapper.application; includeInIndex = 0; path = Weather.app; sourceTree = BUILT_PRODUCTS_DIR; };
		ABFA957A2A0BA39B003C56DB /* AppDelegate.swift */ = {isa = PBXFileReference; lastKnownFileType = sourcecode.swift; path = AppDelegate.swift; sourceTree = "<group>"; };
		ABFA957C2A0BA39B003C56DB /* SceneDelegate.swift */ = {isa = PBXFileReference; lastKnownFileType = sourcecode.swift; path = SceneDelegate.swift; sourceTree = "<group>"; };
		ABFA957E2A0BA39B003C56DB /* ViewController.swift */ = {isa = PBXFileReference; lastKnownFileType = sourcecode.swift; path = ViewController.swift; sourceTree = "<group>"; };
		ABFA95812A0BA39B003C56DB /* Base */ = {isa = PBXFileReference; lastKnownFileType = file.storyboard; name = Base; path = Base.lproj/Main.storyboard; sourceTree = "<group>"; };
		ABFA95832A0BA39D003C56DB /* Assets.xcassets */ = {isa = PBXFileReference; lastKnownFileType = folder.assetcatalog; path = Assets.xcassets; sourceTree = "<group>"; };
		ABFA95862A0BA39D003C56DB /* Base */ = {isa = PBXFileReference; lastKnownFileType = file.storyboard; name = Base; path = Base.lproj/LaunchScreen.storyboard; sourceTree = "<group>"; };
		ABFA95882A0BA39D003C56DB /* Info.plist */ = {isa = PBXFileReference; lastKnownFileType = text.plist.xml; path = Info.plist; sourceTree = "<group>"; };
		ABFA95922A0BA510003C56DB /* WeatheAPI.swift */ = {isa = PBXFileReference; lastKnownFileType = sourcecode.swift; path = WeatheAPI.swift; sourceTree = "<group>"; };
		ABFA95942A0BA877003C56DB /* CityWeather.swift */ = {isa = PBXFileReference; lastKnownFileType = sourcecode.swift; path = CityWeather.swift; sourceTree = "<group>"; };
		ABFA95962A0BC7F9003C56DB /* GradientMaker.swift */ = {isa = PBXFileReference; lastKnownFileType = sourcecode.swift; name = GradientMaker.swift; path = ../../../../Documents/GradientMaker.swift; sourceTree = "<group>"; };
		ABFA95982A0BE358003C56DB /* ImageManager.swift */ = {isa = PBXFileReference; lastKnownFileType = sourcecode.swift; path = ImageManager.swift; sourceTree = "<group>"; };
		ABFA959A2A0BEBDE003C56DB /* DateManager.swift */ = {isa = PBXFileReference; lastKnownFileType = sourcecode.swift; path = DateManager.swift; sourceTree = "<group>"; };
		ABFA959D2A0C400B003C56DB /* String+DateTransformer.swift */ = {isa = PBXFileReference; lastKnownFileType = sourcecode.swift; path = "String+DateTransformer.swift"; sourceTree = "<group>"; };
		ABFA959F2A0CE926003C56DB /* ForecastWeather.swift */ = {isa = PBXFileReference; lastKnownFileType = sourcecode.swift; path = ForecastWeather.swift; sourceTree = "<group>"; };
		ABFA95A12A0CEFF4003C56DB /* ForecastTableViewCell.swift */ = {isa = PBXFileReference; lastKnownFileType = sourcecode.swift; path = ForecastTableViewCell.swift; sourceTree = "<group>"; };
		ABFA95A32A0D7679003C56DB /* WeatherViewModel.swift */ = {isa = PBXFileReference; lastKnownFileType = sourcecode.swift; path = WeatherViewModel.swift; sourceTree = "<group>"; };
		ABFA95A52A0D7DF3003C56DB /* String+AsURL.swift */ = {isa = PBXFileReference; lastKnownFileType = sourcecode.swift; path = "String+AsURL.swift"; sourceTree = "<group>"; };
		ABFA95A82A0D8DC5003C56DB /* ForecastWeatherViewModel.swift */ = {isa = PBXFileReference; lastKnownFileType = sourcecode.swift; path = ForecastWeatherViewModel.swift; sourceTree = "<group>"; };
		ABFA95AA2A0E473F003C56DB /* GradientManager.swift */ = {isa = PBXFileReference; lastKnownFileType = sourcecode.swift; path = GradientManager.swift; sourceTree = "<group>"; };
/* End PBXFileReference section */

/* Begin PBXFrameworksBuildPhase section */
		ABFA95742A0BA39B003C56DB /* Frameworks */ = {
			isa = PBXFrameworksBuildPhase;
			buildActionMask = 2147483647;
			files = (
			);
			runOnlyForDeploymentPostprocessing = 0;
		};
/* End PBXFrameworksBuildPhase section */

/* Begin PBXGroup section */
		ABFA956E2A0BA39B003C56DB = {
			isa = PBXGroup;
			children = (
				ABFA95792A0BA39B003C56DB /* Weather */,
				ABFA95782A0BA39B003C56DB /* Products */,
			);
			sourceTree = "<group>";
		};
		ABFA95782A0BA39B003C56DB /* Products */ = {
			isa = PBXGroup;
			children = (
				ABFA95772A0BA39B003C56DB /* Weather.app */,
			);
			name = Products;
			sourceTree = "<group>";
		};
		ABFA95792A0BA39B003C56DB /* Weather */ = {
			isa = PBXGroup;
			children = (
				ABFA957A2A0BA39B003C56DB /* AppDelegate.swift */,
				ABFA957C2A0BA39B003C56DB /* SceneDelegate.swift */,
				ABFA957E2A0BA39B003C56DB /* ViewController.swift */,
				ABFA958E2A0BA3E1003C56DB /* Models */,
				ABFA95902A0BA401003C56DB /* Views */,
				ABFA958F2A0BA3F3003C56DB /* ViewModels */,
				ABFA95912A0BA4D1003C56DB /* Services */,
				ABFA959C2A0C3FC4003C56DB /* Extensions */,
				ABFA95802A0BA39B003C56DB /* Main.storyboard */,
				ABFA95832A0BA39D003C56DB /* Assets.xcassets */,
				ABFA95852A0BA39D003C56DB /* LaunchScreen.storyboard */,
				ABFA95882A0BA39D003C56DB /* Info.plist */,
			);
			path = Weather;
			sourceTree = "<group>";
		};
		ABFA958E2A0BA3E1003C56DB /* Models */ = {
			isa = PBXGroup;
			children = (
				ABFA95942A0BA877003C56DB /* CityWeather.swift */,
				ABFA959F2A0CE926003C56DB /* ForecastWeather.swift */,
				ABBF38542A374737007D3327 /* CurrentWeather.swift */,
			);
			name = Models;
			sourceTree = "<group>";
		};
		ABFA958F2A0BA3F3003C56DB /* ViewModels */ = {
			isa = PBXGroup;
			children = (
				ABFA95A32A0D7679003C56DB /* WeatherViewModel.swift */,
				ABBF38522A373F69007D3327 /* WeatherLocationViewModel.swift */,
				ABFA95A82A0D8DC5003C56DB /* ForecastWeatherViewModel.swift */,
			);
			name = ViewModels;
			sourceTree = "<group>";
		};
		ABFA95902A0BA401003C56DB /* Views */ = {
			isa = PBXGroup;
			children = (
				ABFA95A12A0CEFF4003C56DB /* ForecastTableViewCell.swift */,
			);
			path = Views;
			sourceTree = "<group>";
		};
		ABFA95912A0BA4D1003C56DB /* Services */ = {
			isa = PBXGroup;
			children = (
				ABFA95922A0BA510003C56DB /* WeatheAPI.swift */,
				ABFA95962A0BC7F9003C56DB /* GradientMaker.swift */,
				ABFA95AA2A0E473F003C56DB /* GradientManager.swift */,
				ABFA95982A0BE358003C56DB /* ImageManager.swift */,
				ABFA959A2A0BEBDE003C56DB /* DateManager.swift */,
			);
			name = Services;
			sourceTree = "<group>";
		};
		ABFA959C2A0C3FC4003C56DB /* Extensions */ = {
			isa = PBXGroup;
			children = (
				ABFA959D2A0C400B003C56DB /* String+DateTransformer.swift */,
				ABFA95A52A0D7DF3003C56DB /* String+AsURL.swift */,
			);
			path = Extensions;
			sourceTree = "<group>";
		};
/* End PBXGroup section */

/* Begin PBXNativeTarget section */
		ABFA95762A0BA39B003C56DB /* Weather */ = {
			isa = PBXNativeTarget;
			buildConfigurationList = ABFA958B2A0BA39D003C56DB /* Build configuration list for PBXNativeTarget "Weather" */;
			buildPhases = (
				ABFA95732A0BA39B003C56DB /* Sources */,
				ABFA95742A0BA39B003C56DB /* Frameworks */,
				ABFA95752A0BA39B003C56DB /* Resources */,
			);
			buildRules = (
			);
			dependencies = (
			);
			name = Weather;
			productName = Weather;
			productReference = ABFA95772A0BA39B003C56DB /* Weather.app */;
			productType = "com.apple.product-type.application";
		};
/* End PBXNativeTarget section */

/* Begin PBXProject section */
		ABFA956F2A0BA39B003C56DB /* Project object */ = {
			isa = PBXProject;
			attributes = {
				BuildIndependentTargetsInParallel = 1;
				LastSwiftUpdateCheck = 1430;
				LastUpgradeCheck = 1430;
				TargetAttributes = {
					ABFA95762A0BA39B003C56DB = {
						CreatedOnToolsVersion = 14.3;
					};
				};
			};
			buildConfigurationList = ABFA95722A0BA39B003C56DB /* Build configuration list for PBXProject "Weather" */;
			compatibilityVersion = "Xcode 14.0";
			developmentRegion = en;
			hasScannedForEncodings = 0;
			knownRegions = (
				en,
				Base,
			);
			mainGroup = ABFA956E2A0BA39B003C56DB;
			productRefGroup = ABFA95782A0BA39B003C56DB /* Products */;
			projectDirPath = "";
			projectRoot = "";
			targets = (
				ABFA95762A0BA39B003C56DB /* Weather */,
			);
		};
/* End PBXProject section */

/* Begin PBXResourcesBuildPhase section */
		ABFA95752A0BA39B003C56DB /* Resources */ = {
			isa = PBXResourcesBuildPhase;
			buildActionMask = 2147483647;
			files = (
				ABFA95872A0BA39D003C56DB /* LaunchScreen.storyboard in Resources */,
				ABFA95842A0BA39D003C56DB /* Assets.xcassets in Resources */,
				ABFA95822A0BA39B003C56DB /* Main.storyboard in Resources */,
			);
			runOnlyForDeploymentPostprocessing = 0;
		};
/* End PBXResourcesBuildPhase section */

/* Begin PBXSourcesBuildPhase section */
		ABFA95732A0BA39B003C56DB /* Sources */ = {
			isa = PBXSourcesBuildPhase;
			buildActionMask = 2147483647;
			files = (
				ABFA959E2A0C400B003C56DB /* String+DateTransformer.swift in Sources */,
				ABFA95A62A0D7DF3003C56DB /* String+AsURL.swift in Sources */,
				ABFA957B2A0BA39B003C56DB /* AppDelegate.swift in Sources */,
				ABFA95992A0BE358003C56DB /* ImageManager.swift in Sources */,
				ABFA95A42A0D7679003C56DB /* WeatherViewModel.swift in Sources */,
				ABFA95932A0BA510003C56DB /* WeatheAPI.swift in Sources */,
				ABFA95AB2A0E473F003C56DB /* GradientManager.swift in Sources */,
				ABFA95A02A0CE927003C56DB /* ForecastWeather.swift in Sources */,
				ABBF38552A374737007D3327 /* CurrentWeather.swift in Sources */,
				ABFA95972A0BC7F9003C56DB /* GradientMaker.swift in Sources */,
				ABFA95A72A0D8D3E003C56DB /* ViewController.swift in Sources */,
				ABFA959B2A0BEBDE003C56DB /* DateManager.swift in Sources */,
				ABFA95A22A0CEFF4003C56DB /* ForecastTableViewCell.swift in Sources */,
				ABFA957D2A0BA39B003C56DB /* SceneDelegate.swift in Sources */,
				ABFA95A92A0D8DC5003C56DB /* ForecastWeatherViewModel.swift in Sources */,
				ABBF38532A373F69007D3327 /* WeatherLocationViewModel.swift in Sources */,
				ABFA95952A0BA877003C56DB /* CityWeather.swift in Sources */,
			);
			runOnlyForDeploymentPostprocessing = 0;
		};
/* End PBXSourcesBuildPhase section */

/* Begin PBXVariantGroup section */
		ABFA95802A0BA39B003C56DB /* Main.storyboard */ = {
			isa = PBXVariantGroup;
			children = (
				ABFA95812A0BA39B003C56DB /* Base */,
			);
			name = Main.storyboard;
			sourceTree = "<group>";
		};
		ABFA95852A0BA39D003C56DB /* LaunchScreen.storyboard */ = {
			isa = PBXVariantGroup;
			children = (
				ABFA95862A0BA39D003C56DB /* Base */,
			);
			name = LaunchScreen.storyboard;
			sourceTree = "<group>";
		};
/* End PBXVariantGroup section */

/* Begin XCBuildConfiguration section */
		ABFA95892A0BA39D003C56DB /* Debug */ = {
			isa = XCBuildConfiguration;
			buildSettings = {
				ALWAYS_SEARCH_USER_PATHS = NO;
				CLANG_ANALYZER_NONNULL = YES;
				CLANG_ANALYZER_NUMBER_OBJECT_CONVERSION = YES_AGGRESSIVE;
				CLANG_CXX_LANGUAGE_STANDARD = "gnu++20";
				CLANG_ENABLE_MODULES = YES;
				CLANG_ENABLE_OBJC_ARC = YES;
				CLANG_ENABLE_OBJC_WEAK = YES;
				CLANG_WARN_BLOCK_CAPTURE_AUTORELEASING = YES;
				CLANG_WARN_BOOL_CONVERSION = YES;
				CLANG_WARN_COMMA = YES;
				CLANG_WARN_CONSTANT_CONVERSION = YES;
				CLANG_WARN_DEPRECATED_OBJC_IMPLEMENTATIONS = YES;
				CLANG_WARN_DIRECT_OBJC_ISA_USAGE = YES_ERROR;
				CLANG_WARN_DOCUMENTATION_COMMENTS = YES;
				CLANG_WARN_EMPTY_BODY = YES;
				CLANG_WARN_ENUM_CONVERSION = YES;
				CLANG_WARN_INFINITE_RECURSION = YES;
				CLANG_WARN_INT_CONVERSION = YES;
				CLANG_WARN_NON_LITERAL_NULL_CONVERSION = YES;
				CLANG_WARN_OBJC_IMPLICIT_RETAIN_SELF = YES;
				CLANG_WARN_OBJC_LITERAL_CONVERSION = YES;
				CLANG_WARN_OBJC_ROOT_CLASS = YES_ERROR;
				CLANG_WARN_QUOTED_INCLUDE_IN_FRAMEWORK_HEADER = YES;
				CLANG_WARN_RANGE_LOOP_ANALYSIS = YES;
				CLANG_WARN_STRICT_PROTOTYPES = YES;
				CLANG_WARN_SUSPICIOUS_MOVE = YES;
				CLANG_WARN_UNGUARDED_AVAILABILITY = YES_AGGRESSIVE;
				CLANG_WARN_UNREACHABLE_CODE = YES;
				CLANG_WARN__DUPLICATE_METHOD_MATCH = YES;
				COPY_PHASE_STRIP = NO;
				DEBUG_INFORMATION_FORMAT = dwarf;
				ENABLE_STRICT_OBJC_MSGSEND = YES;
				ENABLE_TESTABILITY = YES;
				GCC_C_LANGUAGE_STANDARD = gnu11;
				GCC_DYNAMIC_NO_PIC = NO;
				GCC_NO_COMMON_BLOCKS = YES;
				GCC_OPTIMIZATION_LEVEL = 0;
				GCC_PREPROCESSOR_DEFINITIONS = (
					"DEBUG=1",
					"$(inherited)",
				);
				GCC_WARN_64_TO_32_BIT_CONVERSION = YES;
				GCC_WARN_ABOUT_RETURN_TYPE = YES_ERROR;
				GCC_WARN_UNDECLARED_SELECTOR = YES;
				GCC_WARN_UNINITIALIZED_AUTOS = YES_AGGRESSIVE;
				GCC_WARN_UNUSED_FUNCTION = YES;
				GCC_WARN_UNUSED_VARIABLE = YES;
				IPHONEOS_DEPLOYMENT_TARGET = 16.4;
				MTL_ENABLE_DEBUG_INFO = INCLUDE_SOURCE;
				MTL_FAST_MATH = YES;
				ONLY_ACTIVE_ARCH = YES;
				SDKROOT = iphoneos;
				SWIFT_ACTIVE_COMPILATION_CONDITIONS = DEBUG;
				SWIFT_OPTIMIZATION_LEVEL = "-Onone";
			};
			name = Debug;
		};
		ABFA958A2A0BA39D003C56DB /* Release */ = {
			isa = XCBuildConfiguration;
			buildSettings = {
				ALWAYS_SEARCH_USER_PATHS = NO;
				CLANG_ANALYZER_NONNULL = YES;
				CLANG_ANALYZER_NUMBER_OBJECT_CONVERSION = YES_AGGRESSIVE;
				CLANG_CXX_LANGUAGE_STANDARD = "gnu++20";
				CLANG_ENABLE_MODULES = YES;
				CLANG_ENABLE_OBJC_ARC = YES;
				CLANG_ENABLE_OBJC_WEAK = YES;
				CLANG_WARN_BLOCK_CAPTURE_AUTORELEASING = YES;
				CLANG_WARN_BOOL_CONVERSION = YES;
				CLANG_WARN_COMMA = YES;
				CLANG_WARN_CONSTANT_CONVERSION = YES;
				CLANG_WARN_DEPRECATED_OBJC_IMPLEMENTATIONS = YES;
				CLANG_WARN_DIRECT_OBJC_ISA_USAGE = YES_ERROR;
				CLANG_WARN_DOCUMENTATION_COMMENTS = YES;
				CLANG_WARN_EMPTY_BODY = YES;
				CLANG_WARN_ENUM_CONVERSION = YES;
				CLANG_WARN_INFINITE_RECURSION = YES;
				CLANG_WARN_INT_CONVERSION = YES;
				CLANG_WARN_NON_LITERAL_NULL_CONVERSION = YES;
				CLANG_WARN_OBJC_IMPLICIT_RETAIN_SELF = YES;
				CLANG_WARN_OBJC_LITERAL_CONVERSION = YES;
				CLANG_WARN_OBJC_ROOT_CLASS = YES_ERROR;
				CLANG_WARN_QUOTED_INCLUDE_IN_FRAMEWORK_HEADER = YES;
				CLANG_WARN_RANGE_LOOP_ANALYSIS = YES;
				CLANG_WARN_STRICT_PROTOTYPES = YES;
				CLANG_WARN_SUSPICIOUS_MOVE = YES;
				CLANG_WARN_UNGUARDED_AVAILABILITY = YES_AGGRESSIVE;
				CLANG_WARN_UNREACHABLE_CODE = YES;
				CLANG_WARN__DUPLICATE_METHOD_MATCH = YES;
				COPY_PHASE_STRIP = NO;
				DEBUG_INFORMATION_FORMAT = "dwarf-with-dsym";
				ENABLE_NS_ASSERTIONS = NO;
				ENABLE_STRICT_OBJC_MSGSEND = YES;
				GCC_C_LANGUAGE_STANDARD = gnu11;
				GCC_NO_COMMON_BLOCKS = YES;
				GCC_WARN_64_TO_32_BIT_CONVERSION = YES;
				GCC_WARN_ABOUT_RETURN_TYPE = YES_ERROR;
				GCC_WARN_UNDECLARED_SELECTOR = YES;
				GCC_WARN_UNINITIALIZED_AUTOS = YES_AGGRESSIVE;
				GCC_WARN_UNUSED_FUNCTION = YES;
				GCC_WARN_UNUSED_VARIABLE = YES;
				IPHONEOS_DEPLOYMENT_TARGET = 16.4;
				MTL_ENABLE_DEBUG_INFO = NO;
				MTL_FAST_MATH = YES;
				SDKROOT = iphoneos;
				SWIFT_COMPILATION_MODE = wholemodule;
				SWIFT_OPTIMIZATION_LEVEL = "-O";
				VALIDATE_PRODUCT = YES;
			};
			name = Release;
		};
		ABFA958C2A0BA39D003C56DB /* Debug */ = {
			isa = XCBuildConfiguration;
			buildSettings = {
				ASSETCATALOG_COMPILER_APPICON_NAME = AppIcon;
				ASSETCATALOG_COMPILER_GLOBAL_ACCENT_COLOR_NAME = AccentColor;
				CODE_SIGN_STYLE = Automatic;
				CURRENT_PROJECT_VERSION = 1;
				DEVELOPMENT_TEAM = 4R56U7KD56;
				GENERATE_INFOPLIST_FILE = YES;
				INFOPLIST_FILE = Weather/Info.plist;
				INFOPLIST_KEY_UIApplicationSupportsIndirectInputEvents = YES;
				INFOPLIST_KEY_UILaunchStoryboardName = LaunchScreen;
				INFOPLIST_KEY_UIMainStoryboardFile = Main;
				INFOPLIST_KEY_UISupportedInterfaceOrientations = UIInterfaceOrientationPortrait;
				IPHONEOS_DEPLOYMENT_TARGET = 16.0;
				LD_RUNPATH_SEARCH_PATHS = (
					"$(inherited)",
					"@executable_path/Frameworks",
				);
				MARKETING_VERSION = 1.0;
				PRODUCT_BUNDLE_IDENTIFIER = "Petro-Organizatoin.Weather";
				PRODUCT_NAME = "$(TARGET_NAME)";
				SUPPORTED_PLATFORMS = "iphoneos iphonesimulator";
				SUPPORTS_MACCATALYST = NO;
				SUPPORTS_MAC_DESIGNED_FOR_IPHONE_IPAD = NO;
				SWIFT_EMIT_LOC_STRINGS = YES;
				SWIFT_VERSION = 5.0;
				TARGETED_DEVICE_FAMILY = 1;
			};
			name = Debug;
		};
		ABFA958D2A0BA39D003C56DB /* Release */ = {
			isa = XCBuildConfiguration;
			buildSettings = {
				ASSETCATALOG_COMPILER_APPICON_NAME = AppIcon;
				ASSETCATALOG_COMPILER_GLOBAL_ACCENT_COLOR_NAME = AccentColor;
				CODE_SIGN_STYLE = Automatic;
				CURRENT_PROJECT_VERSION = 1;
				DEVELOPMENT_TEAM = 4R56U7KD56;
				GENERATE_INFOPLIST_FILE = YES;
				INFOPLIST_FILE = Weather/Info.plist;
				INFOPLIST_KEY_UIApplicationSupportsIndirectInputEvents = YES;
				INFOPLIST_KEY_UILaunchStoryboardName = LaunchScreen;
				INFOPLIST_KEY_UIMainStoryboardFile = Main;
				INFOPLIST_KEY_UISupportedInterfaceOrientations = UIInterfaceOrientationPortrait;
				IPHONEOS_DEPLOYMENT_TARGET = 16.0;
				LD_RUNPATH_SEARCH_PATHS = (
					"$(inherited)",
					"@executable_path/Frameworks",
				);
				MARKETING_VERSION = 1.0;
				PRODUCT_BUNDLE_IDENTIFIER = "Petro-Organizatoin.Weather";
				PRODUCT_NAME = "$(TARGET_NAME)";
				SUPPORTED_PLATFORMS = "iphoneos iphonesimulator";
				SUPPORTS_MACCATALYST = NO;
				SUPPORTS_MAC_DESIGNED_FOR_IPHONE_IPAD = NO;
				SWIFT_EMIT_LOC_STRINGS = YES;
				SWIFT_VERSION = 5.0;
				TARGETED_DEVICE_FAMILY = 1;
			};
			name = Release;
		};
/* End XCBuildConfiguration section */

/* Begin XCConfigurationList section */
		ABFA95722A0BA39B003C56DB /* Build configuration list for PBXProject "Weather" */ = {
			isa = XCConfigurationList;
			buildConfigurations = (
				ABFA95892A0BA39D003C56DB /* Debug */,
				ABFA958A2A0BA39D003C56DB /* Release */,
			);
			defaultConfigurationIsVisible = 0;
			defaultConfigurationName = Release;
		};
		ABFA958B2A0BA39D003C56DB /* Build configuration list for PBXNativeTarget "Weather" */ = {
			isa = XCConfigurationList;
			buildConfigurations = (
				ABFA958C2A0BA39D003C56DB /* Debug */,
				ABFA958D2A0BA39D003C56DB /* Release */,
			);
			defaultConfigurationIsVisible = 0;
			defaultConfigurationName = Release;
		};
/* End XCConfigurationList section */
	};
	rootObject = ABFA956F2A0BA39B003C56DB /* Project object */;
}
